<?xml version="1.0" encoding="utf-8"?>
<Project ToolsVersion="4.0" xmlns="http://schemas.microsoft.com/developer/msbuild/2003">
  <ItemGroup>
    <Filter Include="Исходные файлы">
      <UniqueIdentifier>{4FC737F1-C7A5-4376-A066-2A32D752A2FF}</UniqueIdentifier>
      <Extensions>cpp;c;cc;cxx;c++;cppm;ixx;def;odl;idl;hpj;bat;asm;asmx</Extensions>
    </Filter>
    <Filter Include="Файлы заголовков">
      <UniqueIdentifier>{93995380-89BD-4b04-88EB-625FBE52EBFB}</UniqueIdentifier>
      <Extensions>h;hh;hpp;hxx;h++;hm;inl;inc;ipp;xsd</Extensions>
    </Filter>
    <Filter Include="Файлы ресурсов">
      <UniqueIdentifier>{67DA6AB6-F800-4c08-8B7A-83BB121AAD01}</UniqueIdentifier>
      <Extensions>rc;ico;cur;bmp;dlg;rc2;rct;bin;rgs;gif;jpg;jpeg;jpe;resx;tiff;tif;png;wav;mfcribbon-ms</Extensions>
    </Filter>
    <Filter Include="Файлы ресурсов\map_structures">
      <UniqueIdentifier>{9746506b-dd02-425e-934f-3e92e136ddbc}</UniqueIdentifier>
    </Filter>
    <Filter Include="Файлы ресурсов\game_windows">
      <UniqueIdentifier>{bb98249f-782b-4fe2-be63-b3e0265c7150}</UniqueIdentifier>
    </Filter>
    <Filter Include="Файлы ресурсов\game_windows\gameplay">
      <UniqueIdentifier>{67b2f412-e3a6-4225-b1ff-c208361a1e59}</UniqueIdentifier>
    </Filter>
    <Filter Include="Файлы ресурсов\game_windows\menu">
      <UniqueIdentifier>{d65c4883-9dcf-43d7-93b1-f4f3c29e0dc0}</UniqueIdentifier>
    </Filter>
    <Filter Include="Файлы ресурсов\game_windows\settings">
      <UniqueIdentifier>{df4d488c-0d52-4ad6-9248-7b78a18ee484}</UniqueIdentifier>
    </Filter>
    <Filter Include="Файлы ресурсов\map_structures\entities">
      <UniqueIdentifier>{fc1e83e3-a80f-4fb4-8788-4dbd3d792e01}</UniqueIdentifier>
    </Filter>
    <Filter Include="Файлы ресурсов\map_structures\buildings">
      <UniqueIdentifier>{573785d6-abcd-4093-afd2-a458ebcf2033}</UniqueIdentifier>
    </Filter>
    <Filter Include="Файлы ресурсов\map_structures\shells">
      <UniqueIdentifier>{e813381a-acfd-4a15-be8c-fa38662010b5}</UniqueIdentifier>
    </Filter>
    <Filter Include="Файлы ресурсов\map_structures\particles">
      <UniqueIdentifier>{d6c0d42e-2823-484d-ad50-6eb413cd733c}</UniqueIdentifier>
    </Filter>
    <Filter Include="Файлы ресурсов\map_structures\resources">
      <UniqueIdentifier>{35c320c0-6c22-4d9f-8c40-94efb6043647}</UniqueIdentifier>
    </Filter>
    <Filter Include="Файлы ресурсов\game_windows\gameplay\game_sprites">
      <UniqueIdentifier>{38fb8bff-b9c0-4f3c-9768-cef4165fafd4}</UniqueIdentifier>
    </Filter>
    <Filter Include="Файлы ресурсов\game_windows\gameplay\exit_confirmation">
      <UniqueIdentifier>{5adfaafa-0dec-46a1-aefc-c30eeca976fd}</UniqueIdentifier>
    </Filter>
    <Filter Include="Файлы ресурсов\game_windows\gameplay\gameplay_util">
      <UniqueIdentifier>{c1e85f42-dbd8-4c52-8d9c-0f4405ee89d4}</UniqueIdentifier>
    </Filter>
    <Filter Include="Файлы ресурсов\game_windows\menu\menu_util">
      <UniqueIdentifier>{52341b15-9184-404f-852c-b17887d4c31f}</UniqueIdentifier>
    </Filter>
    <Filter Include="Файлы ресурсов\game_windows\settings\settings_util">
      <UniqueIdentifier>{ee1d4547-c349-405e-a003-2361e9227a28}</UniqueIdentifier>
    </Filter>
  </ItemGroup>
  <ItemGroup>
    <ClCompile Include="main.cpp">
      <Filter>Файлы ресурсов</Filter>
    </ClCompile>
    <ClCompile Include="src\game_interface\gameplay\gameplay_streams\graphics.cpp">
      <Filter>Исходные файлы</Filter>
    </ClCompile>
    <ClCompile Include="src\game_interface\gameplay\gameplay_streams\input.cpp">
      <Filter>Исходные файлы</Filter>
    </ClCompile>
    <ClCompile Include="src\game_interface\gameplay\gameplay_streams\network.cpp">
      <Filter>Исходные файлы</Filter>
    </ClCompile>
    <ClCompile Include="src\game_interface\gameplay\gameplay_streams\scripts.cpp">
      <Filter>Исходные файлы</Filter>
    </ClCompile>
    <ClCompile Include="src\game_interface\gameplay\gameplay_streams\simulation.cpp">
      <Filter>Исходные файлы</Filter>
    </ClCompile>
    <ClCompile Include="src\game_interface\gameplay\gameplay_util\camera.cpp">
      <Filter>Исходные файлы</Filter>
    </ClCompile>
    <ClCompile Include="src\game_interface\gameplay\gameplay_util\cheet_commands.cpp">
      <Filter>Исходные файлы</Filter>
    </ClCompile>
    <ClCompile Include="src\game_interface\gameplay\gameplay_util\t1_time.cpp">
      <Filter>Исходные файлы</Filter>
    </ClCompile>
    <ClCompile Include="src\game_interface\gameplay\gameplay_util\wave_constructor.cpp">
      <Filter>Исходные файлы</Filter>
    </ClCompile>
    <ClCompile Include="src\game_interface\gameplay\ui_elements\building_panel\arrange_page.cpp">
      <Filter>Исходные файлы</Filter>
    </ClCompile>
    <ClCompile Include="src\game_interface\gameplay\ui_elements\building_panel\drills_page.cpp">
      <Filter>Исходные файлы</Filter>
    </ClCompile>
    <ClCompile Include="src\game_interface\gameplay\ui_elements\building_panel\electrics_page.cpp">
      <Filter>Исходные файлы</Filter>
    </ClCompile>
    <ClCompile Include="src\game_interface\gameplay\ui_elements\building_panel\factories_page.cpp">
      <Filter>Исходные файлы</Filter>
    </ClCompile>
    <ClCompile Include="src\game_interface\gameplay\ui_elements\building_panel\logistics_page.cpp">
      <Filter>Исходные файлы</Filter>
    </ClCompile>
    <ClCompile Include="src\game_interface\gameplay\ui_elements\building_panel\special_page.cpp">
      <Filter>Исходные файлы</Filter>
    </ClCompile>
    <ClCompile Include="src\game_interface\gameplay\ui_elements\building_panel\storages_page.cpp">
      <Filter>Исходные файлы</Filter>
    </ClCompile>
    <ClCompile Include="src\game_interface\gameplay\ui_elements\building_panel\turrets_page.cpp">
      <Filter>Исходные файлы</Filter>
    </ClCompile>
    <ClCompile Include="src\game_interface\gameplay\ui_elements\building_panel\util_page.cpp">
      <Filter>Исходные файлы</Filter>
    </ClCompile>
    <ClCompile Include="src\game_interface\gameplay\ui_elements\building_panel\walls_page.cpp">
      <Filter>Исходные файлы</Filter>
    </ClCompile>
    <ClCompile Include="src\game_interface\gameplay\ui_elements\building_panel.cpp">
      <Filter>Исходные файлы</Filter>
    </ClCompile>
    <ClCompile Include="src\game_interface\gameplay\ui_elements\exit_confirmation.cpp">
      <Filter>Исходные файлы</Filter>
    </ClCompile>
    <ClCompile Include="src\game_interface\gameplay\ui_elements\expenses_panel.cpp">
      <Filter>Исходные файлы</Filter>
    </ClCompile>
    <ClCompile Include="src\game_interface\gameplay\ui_elements\inventory_window.cpp">
      <Filter>Исходные файлы</Filter>
    </ClCompile>
    <ClCompile Include="src\game_interface\gameplay\ui_elements\main_control_panel.cpp">
      <Filter>Исходные файлы</Filter>
    </ClCompile>
    <ClCompile Include="src\game_interface\gameplay\ui_elements\resources_panel.cpp">
      <Filter>Исходные файлы</Filter>
    </ClCompile>
    <ClCompile Include="src\game_interface\gameplay\ui_elements\specification_panel.cpp">
      <Filter>Исходные файлы</Filter>
    </ClCompile>
    <ClCompile Include="src\game_interface\gameplay\gameplay.cpp">
      <Filter>Исходные файлы</Filter>
    </ClCompile>
    <ClCompile Include="src\game_interface\main_window\main_window.cpp">
      <Filter>Исходные файлы</Filter>
    </ClCompile>
    <ClCompile Include="src\game_interface\main_window\main_window_resize.cpp">
      <Filter>Исходные файлы</Filter>
    </ClCompile>
    <ClCompile Include="src\game_interface\menu\ui_elements\world_pre_settings\buildings_pre_settings.cpp">
      <Filter>Исходные файлы</Filter>
    </ClCompile>
    <ClCompile Include="src\game_interface\menu\ui_elements\world_pre_settings\general_pre_settings.cpp">
      <Filter>Исходные файлы</Filter>
    </ClCompile>
    <ClCompile Include="src\game_interface\menu\ui_elements\world_pre_settings\mobs_pre_settings.cpp">
      <Filter>Исходные файлы</Filter>
    </ClCompile>
    <ClCompile Include="src\game_interface\menu\ui_elements\world_pre_settings\terrain_pre_settings.cpp">
      <Filter>Исходные файлы</Filter>
    </ClCompile>
    <ClCompile Include="src\game_interface\menu\ui_elements\choise_save_folder.cpp">
      <Filter>Исходные файлы</Filter>
    </ClCompile>
    <ClCompile Include="src\game_interface\menu\ui_elements\main_menu.cpp">
      <Filter>Исходные файлы</Filter>
    </ClCompile>
    <ClCompile Include="src\game_interface\menu\ui_elements\pre_settings.cpp">
      <Filter>Исходные файлы</Filter>
    </ClCompile>
    <ClCompile Include="src\game_interface\menu\menu.cpp">
      <Filter>Исходные файлы</Filter>
    </ClCompile>
    <ClCompile Include="src\game_interface\settings\settings.cpp">
      <Filter>Исходные файлы</Filter>
    </ClCompile>
    <ClCompile Include="src\game_interface\sound_system\sound_system.cpp">
      <Filter>Исходные файлы</Filter>
    </ClCompile>
    <ClCompile Include="src\game_interface\ui_window\elements\button\building_ico.cpp">
      <Filter>Исходные файлы</Filter>
    </ClCompile>
    <ClCompile Include="src\game_interface\ui_window\elements\button\button.cpp">
      <Filter>Исходные файлы</Filter>
    </ClCompile>
    <ClCompile Include="src\game_interface\ui_window\elements\res_ico\res_ico.cpp">
      <Filter>Исходные файлы</Filter>
    </ClCompile>
    <ClCompile Include="src\game_interface\ui_window\elements\res_info\res_info.cpp">
      <Filter>Исходные файлы</Filter>
    </ClCompile>
    <ClCompile Include="src\game_interface\ui_window\sub_win_types\page\page.cpp">
      <Filter>Исходные файлы</Filter>
    </ClCompile>
    <ClCompile Include="src\game_interface\ui_window\sub_win_types\text_field\text_field.cpp">
      <Filter>Исходные файлы</Filter>
    </ClCompile>
    <ClCompile Include="src\game_interface\ui_window\sub_win_util\fonts.cpp">
      <Filter>Исходные файлы</Filter>
    </ClCompile>
    <ClCompile Include="src\game_interface\ui_window\ui_window\ui_plate.cpp">
      <Filter>Исходные файлы</Filter>
    </ClCompile>
    <ClCompile Include="src\game_interface\ui_window\ui_window\ui_window.cpp">
      <Filter>Исходные файлы</Filter>
    </ClCompile>
    <ClCompile Include="src\map_structures\base_engine\coords\tile_coord_arrays.cpp">
      <Filter>Исходные файлы</Filter>
    </ClCompile>
    <ClCompile Include="src\map_structures\base_engine\coords\transforms.cpp">
      <Filter>Исходные файлы</Filter>
    </ClCompile>
    <ClCompile Include="src\map_structures\buildings\building\building.cpp">
      <Filter>Исходные файлы</Filter>
    </ClCompile>
    <ClCompile Include="src\map_structures\buildings\building\buildings_info.cpp">
      <Filter>Исходные файлы</Filter>
    </ClCompile>
    <ClCompile Include="src\map_structures\buildings\building\create_building.cpp">
      <Filter>Исходные файлы</Filter>
    </ClCompile>
    <ClCompile Include="src\map_structures\buildings\building\place_resource_unit.cpp">
      <Filter>Исходные файлы</Filter>
    </ClCompile>
    <ClCompile Include="src\map_structures\buildings\buildings_map\b_map_construction.cpp">
      <Filter>Исходные файлы</Filter>
    </ClCompile>
    <ClCompile Include="src\map_structures\buildings\buildings_map\b_map_get_set.cpp">
      <Filter>Исходные файлы</Filter>
    </ClCompile>
    <ClCompile Include="src\map_structures\buildings\buildings_map\b_map_save_load.cpp">
      <Filter>Исходные файлы</Filter>
    </ClCompile>
    <ClCompile Include="src\map_structures\buildings\buildings_map\buildings_map.cpp">
      <Filter>Исходные файлы</Filter>
    </ClCompile>
    <ClCompile Include="src\map_structures\particles\particle\particle.cpp">
      <Filter>Исходные файлы</Filter>
    </ClCompile>
    <ClCompile Include="src\map_structures\particles\particles_list\particles_list.cpp">
      <Filter>Исходные файлы</Filter>
    </ClCompile>
    <ClCompile Include="src\map_structures\pre-settings\pre-settings.cpp">
      <Filter>Исходные файлы</Filter>
    </ClCompile>
    <ClCompile Include="src\map_structures\resources\all_resources.cpp">
      <Filter>Исходные файлы</Filter>
    </ClCompile>
    <ClCompile Include="src\map_structures\resources\resource_unit.cpp">
      <Filter>Исходные файлы</Filter>
    </ClCompile>
    <ClCompile Include="src\map_structures\shells\damage\damage.cpp">
      <Filter>Исходные файлы</Filter>
    </ClCompile>
    <ClCompile Include="src\map_structures\shells\shell\create_shell.cpp">
      <Filter>Исходные файлы</Filter>
    </ClCompile>
    <ClCompile Include="src\map_structures\shells\shell\shell.cpp">
      <Filter>Исходные файлы</Filter>
    </ClCompile>
    <ClCompile Include="src\map_structures\shells\shell_types\ac_shell.cpp">
      <Filter>Исходные файлы</Filter>
    </ClCompile>
    <ClCompile Include="src\map_structures\shells\shell_types\heavy_shell.cpp">
      <Filter>Исходные файлы</Filter>
    </ClCompile>
    <ClCompile Include="src\map_structures\shells\shell_types\laser.cpp">
      <Filter>Исходные файлы</Filter>
    </ClCompile>
    <ClCompile Include="src\map_structures\shells\shell_types\rail_bolt.cpp">
      <Filter>Исходные файлы</Filter>
    </ClCompile>
    <ClCompile Include="src\map_structures\shells\shell_types\rocket.cpp">
      <Filter>Исходные файлы</Filter>
    </ClCompile>
    <ClCompile Include="src\map_structures\shells\shells_list\shells_list.cpp">
      <Filter>Исходные файлы</Filter>
    </ClCompile>
    <ClCompile Include="src\map_structures\team\balance\balance.cpp">
      <Filter>Исходные файлы</Filter>
    </ClCompile>
    <ClCompile Include="src\map_structures\team\team.cpp">
      <Filter>Исходные файлы</Filter>
    </ClCompile>
    <ClCompile Include="src\map_structures\terrain\terrain.cpp">
      <Filter>Исходные файлы</Filter>
    </ClCompile>
    <ClCompile Include="src\map_structures\terrain\terrain_generation.cpp">
      <Filter>Исходные файлы</Filter>
    </ClCompile>
    <ClCompile Include="src\map_structures\world\world.cpp">
      <Filter>Исходные файлы</Filter>
    </ClCompile>
    <ClCompile Include="src\map_structures\buildings\building_types\auxilary\auxilary.cpp">
      <Filter>Исходные файлы</Filter>
    </ClCompile>
    <ClCompile Include="src\map_structures\buildings\building_types\drills\drill_types\big_drill.cpp">
      <Filter>Исходные файлы</Filter>
    </ClCompile>
    <ClCompile Include="src\map_structures\buildings\building_types\drills\drill_types\small_drill.cpp">
      <Filter>Исходные файлы</Filter>
    </ClCompile>
    <ClCompile Include="src\map_structures\buildings\building_types\drills\drill.cpp">
      <Filter>Исходные файлы</Filter>
    </ClCompile>
    <ClCompile Include="src\map_structures\buildings\building_types\factories\factory_types\rocket_factory.cpp">
      <Filter>Исходные файлы</Filter>
    </ClCompile>
    <ClCompile Include="src\map_structures\buildings\building_types\factories\factory_types\shell_factory.cpp">
      <Filter>Исходные файлы</Filter>
    </ClCompile>
    <ClCompile Include="src\map_structures\buildings\building_types\factories\factory.cpp">
      <Filter>Исходные файлы</Filter>
    </ClCompile>
    <ClCompile Include="src\map_structures\buildings\building_types\factories\factory_types\concrete_factory.cpp">
      <Filter>Исходные файлы</Filter>
    </ClCompile>
    <ClCompile Include="src\map_structures\buildings\building_types\factories\factory_types\electronics_factory.cpp">
      <Filter>Исходные файлы</Filter>
    </ClCompile>
    <ClCompile Include="src\map_structures\buildings\building_types\factories\factory_types\rail_bolt_factory.cpp">
      <Filter>Исходные файлы</Filter>
    </ClCompile>
    <ClCompile Include="src\map_structures\buildings\building_types\factories\factory_types\steel_factory.cpp">
      <Filter>Исходные файлы</Filter>
    </ClCompile>
    <ClCompile Include="src\map_structures\buildings\building_types\factories\factory_types\wire_factory.cpp">
      <Filter>Исходные файлы</Filter>
    </ClCompile>
    <ClCompile Include="src\map_structures\buildings\building_types\storages\core.cpp">
      <Filter>Исходные файлы</Filter>
    </ClCompile>
    <ClCompile Include="src\map_structures\buildings\building_types\storages\core_types\core_mk2.cpp">
      <Filter>Исходные файлы</Filter>
    </ClCompile>
    <ClCompile Include="src\map_structures\buildings\building_types\walls\tower_types\stone_tower.cpp">
      <Filter>Исходные файлы</Filter>
    </ClCompile>
    <ClCompile Include="src\map_structures\buildings\building_types\walls\wall_types\stone_wall.cpp">
      <Filter>Исходные файлы</Filter>
    </ClCompile>
    <ClCompile Include="src\map_structures\buildings\building_types\walls\tower.cpp">
      <Filter>Исходные файлы</Filter>
    </ClCompile>
    <ClCompile Include="src\map_structures\entities\behavior\aiming.cpp">
      <Filter>Исходные файлы</Filter>
    </ClCompile>
    <ClCompile Include="src\map_structures\entities\behavior\path_finding.cpp">
      <Filter>Исходные файлы</Filter>
    </ClCompile>
    <ClCompile Include="src\map_structures\entities\entities_list\entities_list.cpp">
      <Filter>Исходные файлы</Filter>
    </ClCompile>
    <ClCompile Include="src\map_structures\entities\entity\create_entity.cpp">
      <Filter>Исходные файлы</Filter>
    </ClCompile>
    <ClCompile Include="src\map_structures\entities\entity\entity.cpp">
      <Filter>Исходные файлы</Filter>
    </ClCompile>
    <ClCompile Include="src\map_structures\entities\mob_types\cannon_boss_bot.cpp">
      <Filter>Исходные файлы</Filter>
    </ClCompile>
    <ClCompile Include="src\map_structures\entities\mob_types\heavy_bot.cpp">
      <Filter>Исходные файлы</Filter>
    </ClCompile>
    <ClCompile Include="src\map_structures\entities\mob_types\laser_bot.cpp">
      <Filter>Исходные файлы</Filter>
    </ClCompile>
    <ClCompile Include="src\map_structures\entities\mob_types\melee_bot.cpp">
      <Filter>Исходные файлы</Filter>
    </ClCompile>
    <ClCompile Include="src\map_structures\entities\mob_types\rocket_boss_bot.cpp">
      <Filter>Исходные файлы</Filter>
    </ClCompile>
    <ClCompile Include="src\map_structures\entities\mob_types\rocket_bot.cpp">
      <Filter>Исходные файлы</Filter>
    </ClCompile>
    <ClCompile Include="src\map_structures\entities\mob_types\standard_bot.cpp">
      <Filter>Исходные файлы</Filter>
    </ClCompile>
    <ClCompile Include="src\map_structures\entities\turret\ctreate_turret.cpp">
      <Filter>Исходные файлы</Filter>
    </ClCompile>
    <ClCompile Include="src\map_structures\entities\turret\turret.cpp">
      <Filter>Исходные файлы</Filter>
    </ClCompile>
    <ClCompile Include="src\map_structures\entities\turret_types\autocannon_turret.cpp">
      <Filter>Исходные файлы</Filter>
    </ClCompile>
    <ClCompile Include="src\map_structures\entities\turret_types\rocket_turret.cpp">
      <Filter>Исходные файлы</Filter>
    </ClCompile>
    <ClCompile Include="src\t1_system\events\events_handler.cpp">
      <Filter>Исходные файлы</Filter>
    </ClCompile>
    <ClCompile Include="src\t1_system\input\input_handler.cpp">
      <Filter>Исходные файлы</Filter>
    </ClCompile>
    <ClCompile Include="src\t1_system\random\t1_random.cpp">
      <Filter>Исходные файлы</Filter>
    </ClCompile>
    <ClCompile Include="src\t1_system\sleep.cpp">
      <Filter>Исходные файлы</Filter>
    </ClCompile>
    <ClCompile Include="src\map_structures\buildings\building_types\logistics\bridge\bridge.cpp">
      <Filter>Исходные файлы</Filter>
    </ClCompile>
    <ClCompile Include="src\map_structures\buildings\building_types\logistics\router\router.cpp">
      <Filter>Исходные файлы</Filter>
    </ClCompile>
    <ClCompile Include="src\map_structures\buildings\building_types\logistics\conveyer.cpp">
      <Filter>Исходные файлы</Filter>
    </ClCompile>
    <ClCompile Include="src\map_structures\buildings\building_types\logistics\conveyer_types\standard_conveyer.cpp">
      <Filter>Исходные файлы</Filter>
    </ClCompile>
    <ClCompile Include="src\map_structures\buildings\building_types\logistics\conveyer_types\shielded_conveyer.cpp">
      <Filter>Исходные файлы</Filter>
    </ClCompile>
    <ClCompile Include="src\map_structures\buildings\building_types\logistics\intersection\intersection.cpp">
      <Filter>Исходные файлы</Filter>
    </ClCompile>
    <ClCompile Include="src\game_interface\gameplay\gameplay_util\mob_controller.cpp">
      <Filter>Исходные файлы</Filter>
    </ClCompile>
    <ClCompile Include="src\map_structures\entities\entity\movement.cpp">
      <Filter>Исходные файлы</Filter>
    </ClCompile>
    <ClCompile Include="src\map_structures\entities\behavior\comon.cpp">
      <Filter>Исходные файлы</Filter>
    </ClCompile>
    <ClCompile Include="src\game_interface\gameplay\ui_elements\settings_window.cpp">
      <Filter>Исходные файлы</Filter>
    </ClCompile>
    <ClCompile Include="src\map_structures\blueprints\blueprints_map.cpp">
      <Filter>Исходные файлы</Filter>
    </ClCompile>
    <ClCompile Include="src\game_interface\gameplay\gameplay_streams\scripts\survival\spawn_entity.cpp">
      <Filter>Исходные файлы</Filter>
    </ClCompile>
    <ClCompile Include="src\game_interface\gameplay\gameplay_streams\scripts\survival\new_survival.cpp">
      <Filter>Исходные файлы</Filter>
    </ClCompile>
    <ClCompile Include="src\map_structures\entities\mob_types\shuttle.cpp">
      <Filter>Исходные файлы</Filter>
    </ClCompile>
    <ClCompile Include="src\game_interface\gameplay\ui_elements\minimap.cpp">
      <Filter>Исходные файлы</Filter>
    </ClCompile>
    <ClCompile Include="src\game_interface\sound_system\create_sound.cpp">
      <Filter>Исходные файлы</Filter>
    </ClCompile>
    <ClCompile Include="src\map_structures\pre-settings\validate-pre-settings.cpp">
      <Filter>Исходные файлы</Filter>
    </ClCompile>
    <ClCompile Include="src\content\texturepacks.cpp">
      <Filter>Исходные файлы</Filter>
    </ClCompile>
  </ItemGroup>
  <ItemGroup>
    <ClInclude Include="src\game_interface\gameplay\gameplay_util\camera.h">
      <Filter>Файлы заголовков</Filter>
    </ClInclude>
    <ClInclude Include="src\game_interface\gameplay\gameplay_util\cheet_commands.h">
      <Filter>Файлы заголовков</Filter>
    </ClInclude>
    <ClInclude Include="src\game_interface\gameplay\gameplay_util\t1_time.h">
      <Filter>Файлы заголовков</Filter>
    </ClInclude>
    <ClInclude Include="src\game_interface\gameplay\gameplay_util\wave_constructor.h">
      <Filter>Файлы заголовков</Filter>
    </ClInclude>
    <ClInclude Include="src\game_interface\gameplay\ui_elements\building_panel\buildings_pages.h">
      <Filter>Файлы заголовков</Filter>
    </ClInclude>
    <ClInclude Include="src\game_interface\gameplay\ui_elements\building_panel.h">
      <Filter>Файлы заголовков</Filter>
    </ClInclude>
    <ClInclude Include="src\game_interface\gameplay\ui_elements\exit_confirmation.h">
      <Filter>Файлы заголовков</Filter>
    </ClInclude>
    <ClInclude Include="src\game_interface\gameplay\ui_elements\expenses_panel.h">
      <Filter>Файлы заголовков</Filter>
    </ClInclude>
    <ClInclude Include="src\game_interface\gameplay\ui_elements\inventory_window.h">
      <Filter>Файлы заголовков</Filter>
    </ClInclude>
    <ClInclude Include="src\game_interface\gameplay\ui_elements\main_control_panel.h">
      <Filter>Файлы заголовков</Filter>
    </ClInclude>
    <ClInclude Include="src\game_interface\gameplay\ui_elements\resources_panel.h">
      <Filter>Файлы заголовков</Filter>
    </ClInclude>
    <ClInclude Include="src\game_interface\gameplay\ui_elements\specification_panel.h">
      <Filter>Файлы заголовков</Filter>
    </ClInclude>
    <ClInclude Include="src\game_interface\gameplay\gameplay.h">
      <Filter>Файлы заголовков</Filter>
    </ClInclude>
    <ClInclude Include="src\game_interface\main_window\game_state.h">
      <Filter>Файлы заголовков</Filter>
    </ClInclude>
    <ClInclude Include="src\game_interface\main_window\main_window.h">
      <Filter>Файлы заголовков</Filter>
    </ClInclude>
    <ClInclude Include="src\game_interface\main_window\main_window_resize.h">
      <Filter>Файлы заголовков</Filter>
    </ClInclude>
    <ClInclude Include="src\game_interface\menu\ui_elements\world_pre_settings\buildings_pre_settings.h">
      <Filter>Файлы заголовков</Filter>
    </ClInclude>
    <ClInclude Include="src\game_interface\menu\ui_elements\world_pre_settings\general_pre_settings.h">
      <Filter>Файлы заголовков</Filter>
    </ClInclude>
    <ClInclude Include="src\game_interface\menu\ui_elements\world_pre_settings\mobs_pre_settings.h">
      <Filter>Файлы заголовков</Filter>
    </ClInclude>
    <ClInclude Include="src\game_interface\menu\ui_elements\world_pre_settings\terrain_pre_settings.h">
      <Filter>Файлы заголовков</Filter>
    </ClInclude>
    <ClInclude Include="src\game_interface\menu\ui_elements\choise_save_folder.h">
      <Filter>Файлы заголовков</Filter>
    </ClInclude>
    <ClInclude Include="src\game_interface\menu\ui_elements\main_menu.h">
      <Filter>Файлы заголовков</Filter>
    </ClInclude>
    <ClInclude Include="src\game_interface\menu\ui_elements\pre_settings.h">
      <Filter>Файлы заголовков</Filter>
    </ClInclude>
    <ClInclude Include="src\game_interface\menu\menu.h">
      <Filter>Файлы заголовков</Filter>
    </ClInclude>
    <ClInclude Include="src\game_interface\settings\settings\audio.h">
      <Filter>Файлы заголовков</Filter>
    </ClInclude>
    <ClInclude Include="src\game_interface\settings\settings\display_settings.h">
      <Filter>Файлы заголовков</Filter>
    </ClInclude>
    <ClInclude Include="src\game_interface\settings\settings\graphics.h">
      <Filter>Файлы заголовков</Filter>
    </ClInclude>
    <ClInclude Include="src\game_interface\settings\settings\saving_settings.h">
      <Filter>Файлы заголовков</Filter>
    </ClInclude>
    <ClInclude Include="src\game_interface\settings\settings.h">
      <Filter>Файлы заголовков</Filter>
    </ClInclude>
    <ClInclude Include="src\game_interface\sound_system\sound_system.h">
      <Filter>Файлы заголовков</Filter>
    </ClInclude>
    <ClInclude Include="src\game_interface\ui_window\elements\button\building_ico.h">
      <Filter>Файлы заголовков</Filter>
    </ClInclude>
    <ClInclude Include="src\game_interface\ui_window\elements\button\button.h">
      <Filter>Файлы заголовков</Filter>
    </ClInclude>
    <ClInclude Include="src\game_interface\ui_window\elements\res_ico\res_ico.h">
      <Filter>Файлы заголовков</Filter>
    </ClInclude>
    <ClInclude Include="src\game_interface\ui_window\elements\res_info\res_info.h">
      <Filter>Файлы заголовков</Filter>
    </ClInclude>
    <ClInclude Include="src\game_interface\ui_window\sub_win_types\page\page.h">
      <Filter>Файлы заголовков</Filter>
    </ClInclude>
    <ClInclude Include="src\game_interface\ui_window\sub_win_types\text_field\text_field.h">
      <Filter>Файлы заголовков</Filter>
    </ClInclude>
    <ClInclude Include="src\game_interface\ui_window\sub_win_util\fonts.h">
      <Filter>Файлы заголовков</Filter>
    </ClInclude>
    <ClInclude Include="src\game_interface\ui_window\ui_window\ui_plate.h">
      <Filter>Файлы заголовков</Filter>
    </ClInclude>
    <ClInclude Include="src\game_interface\ui_window\ui_window\ui_window.h">
      <Filter>Файлы заголовков</Filter>
    </ClInclude>
    <ClInclude Include="src\map_structures\base_engine\coords\pixel_coord.h">
      <Filter>Файлы заголовков</Filter>
    </ClInclude>
    <ClInclude Include="src\map_structures\base_engine\coords\tile_coord.h">
      <Filter>Файлы заголовков</Filter>
    </ClInclude>
    <ClInclude Include="src\map_structures\base_engine\coords\tile_coord_arrays.h">
      <Filter>Файлы заголовков</Filter>
    </ClInclude>
    <ClInclude Include="src\map_structures\base_engine\coords\transforms.h">
      <Filter>Файлы заголовков</Filter>
    </ClInclude>
    <ClInclude Include="src\map_structures\base_engine\base_engine.h">
      <Filter>Файлы заголовков</Filter>
    </ClInclude>
    <ClInclude Include="src\map_structures\buildings\building\building.h">
      <Filter>Файлы заголовков</Filter>
    </ClInclude>
    <ClInclude Include="src\map_structures\buildings\building\buildings_enum.h">
      <Filter>Файлы заголовков</Filter>
    </ClInclude>
    <ClInclude Include="src\map_structures\buildings\building\buildings_info.h">
      <Filter>Файлы заголовков</Filter>
    </ClInclude>
    <ClInclude Include="src\map_structures\buildings\buildings_map\buildings_map.h">
      <Filter>Файлы заголовков</Filter>
    </ClInclude>
    <ClInclude Include="src\map_structures\particles\particle\particle.h">
      <Filter>Файлы заголовков</Filter>
    </ClInclude>
    <ClInclude Include="src\map_structures\particles\particles_list\particles_list.h">
      <Filter>Файлы заголовков</Filter>
    </ClInclude>
    <ClInclude Include="src\map_structures\pre-settings\pre_settings\buildings_pre.h">
      <Filter>Файлы заголовков</Filter>
    </ClInclude>
    <ClInclude Include="src\map_structures\pre-settings\pre_settings\general_pre.h">
      <Filter>Файлы заголовков</Filter>
    </ClInclude>
    <ClInclude Include="src\map_structures\pre-settings\pre_settings\mobs_pre.h">
      <Filter>Файлы заголовков</Filter>
    </ClInclude>
    <ClInclude Include="src\map_structures\pre-settings\pre_settings\shells_pre.h">
      <Filter>Файлы заголовков</Filter>
    </ClInclude>
    <ClInclude Include="src\map_structures\pre-settings\pre_settings\terrain_pre.h">
      <Filter>Файлы заголовков</Filter>
    </ClInclude>
    <ClInclude Include="src\map_structures\pre-settings\pre_settings\timer_pre.h">
      <Filter>Файлы заголовков</Filter>
    </ClInclude>
    <ClInclude Include="src\map_structures\pre-settings\pre-settings.h">
      <Filter>Файлы заголовков</Filter>
    </ClInclude>
    <ClInclude Include="src\map_structures\resources\all_resources.h">
      <Filter>Файлы заголовков</Filter>
    </ClInclude>
    <ClInclude Include="src\map_structures\resources\res_enum.h">
      <Filter>Файлы заголовков</Filter>
    </ClInclude>
    <ClInclude Include="src\map_structures\resources\resource_unit.h">
      <Filter>Файлы заголовков</Filter>
    </ClInclude>
    <ClInclude Include="src\map_structures\resources\stored_resource.h">
      <Filter>Файлы заголовков</Filter>
    </ClInclude>
    <ClInclude Include="src\map_structures\shells\damage\damage.h">
      <Filter>Файлы заголовков</Filter>
    </ClInclude>
    <ClInclude Include="src\map_structures\shells\shell\shell.h">
      <Filter>Файлы заголовков</Filter>
    </ClInclude>
    <ClInclude Include="src\map_structures\shells\shell\shell_enum.h">
      <Filter>Файлы заголовков</Filter>
    </ClInclude>
    <ClInclude Include="src\map_structures\shells\shell_types\ac_shell.h">
      <Filter>Файлы заголовков</Filter>
    </ClInclude>
    <ClInclude Include="src\map_structures\shells\shell_types\heavy_shell.h">
      <Filter>Файлы заголовков</Filter>
    </ClInclude>
    <ClInclude Include="src\map_structures\shells\shell_types\laser.h">
      <Filter>Файлы заголовков</Filter>
    </ClInclude>
    <ClInclude Include="src\map_structures\shells\shell_types\rail_bolt.h">
      <Filter>Файлы заголовков</Filter>
    </ClInclude>
    <ClInclude Include="src\map_structures\shells\shell_types\rocket.h">
      <Filter>Файлы заголовков</Filter>
    </ClInclude>
    <ClInclude Include="src\map_structures\shells\shells_list\shells_list.h">
      <Filter>Файлы заголовков</Filter>
    </ClInclude>
    <ClInclude Include="src\map_structures\team\balance\balance.h">
      <Filter>Файлы заголовков</Filter>
    </ClInclude>
    <ClInclude Include="src\map_structures\team\team.h">
      <Filter>Файлы заголовков</Filter>
    </ClInclude>
    <ClInclude Include="src\map_structures\terrain\terrain.h">
      <Filter>Файлы заголовков</Filter>
    </ClInclude>
    <ClInclude Include="src\map_structures\terrain\terrain_enum.h">
      <Filter>Файлы заголовков</Filter>
    </ClInclude>
    <ClInclude Include="src\map_structures\world\world.h">
      <Filter>Файлы заголовков</Filter>
    </ClInclude>
    <ClInclude Include="src\map_structures\buildings\building_types\auxilary\auxilary.h">
      <Filter>Файлы заголовков</Filter>
    </ClInclude>
    <ClInclude Include="src\map_structures\buildings\building_types\drills\drill_types\big_drill.h">
      <Filter>Файлы заголовков</Filter>
    </ClInclude>
    <ClInclude Include="src\map_structures\buildings\building_types\drills\drill_types\small_drill.h">
      <Filter>Файлы заголовков</Filter>
    </ClInclude>
    <ClInclude Include="src\map_structures\buildings\building_types\drills\drill.h">
      <Filter>Файлы заголовков</Filter>
    </ClInclude>
    <ClInclude Include="src\map_structures\buildings\building_types\factories\factory_types\rocket_factory.h">
      <Filter>Файлы заголовков</Filter>
    </ClInclude>
    <ClInclude Include="src\map_structures\buildings\building_types\factories\factory_types\shell_factory.h">
      <Filter>Файлы заголовков</Filter>
    </ClInclude>
    <ClInclude Include="src\map_structures\buildings\building_types\factories\factory.h">
      <Filter>Файлы заголовков</Filter>
    </ClInclude>
    <ClInclude Include="src\map_structures\buildings\building_types\factories\factory_types\concrete_factory.h">
      <Filter>Файлы заголовков</Filter>
    </ClInclude>
    <ClInclude Include="src\map_structures\buildings\building_types\factories\factory_types\electronics_factory.h">
      <Filter>Файлы заголовков</Filter>
    </ClInclude>
    <ClInclude Include="src\map_structures\buildings\building_types\factories\factory_types\rail_bolt_factory.h">
      <Filter>Файлы заголовков</Filter>
    </ClInclude>
    <ClInclude Include="src\map_structures\buildings\building_types\factories\factory_types\steel_factory.h">
      <Filter>Файлы заголовков</Filter>
    </ClInclude>
    <ClInclude Include="src\map_structures\buildings\building_types\factories\factory_types\wire_factory.h">
      <Filter>Файлы заголовков</Filter>
    </ClInclude>
    <ClInclude Include="src\map_structures\buildings\building_types\storages\core.h">
      <Filter>Файлы заголовков</Filter>
    </ClInclude>
    <ClInclude Include="src\map_structures\buildings\building_types\storages\core_types\core_mk2.h">
      <Filter>Файлы заголовков</Filter>
    </ClInclude>
    <ClInclude Include="src\map_structures\buildings\building_types\walls\tower_types\stone_tower.h">
      <Filter>Файлы заголовков</Filter>
    </ClInclude>
    <ClInclude Include="src\map_structures\buildings\building_types\walls\wall_types\stone_wall.h">
      <Filter>Файлы заголовков</Filter>
    </ClInclude>
    <ClInclude Include="src\map_structures\buildings\building_types\walls\tower.h">
      <Filter>Файлы заголовков</Filter>
    </ClInclude>
    <ClInclude Include="src\map_structures\entities\behavior\aiming.h">
      <Filter>Файлы заголовков</Filter>
    </ClInclude>
    <ClInclude Include="src\map_structures\entities\behavior\path_finding.h">
      <Filter>Файлы заголовков</Filter>
    </ClInclude>
    <ClInclude Include="src\map_structures\entities\entities_list\entities_list.h">
      <Filter>Файлы заголовков</Filter>
    </ClInclude>
    <ClInclude Include="src\map_structures\entities\entity\entity.h">
      <Filter>Файлы заголовков</Filter>
    </ClInclude>
    <ClInclude Include="src\map_structures\entities\entity\mob_enum.h">
      <Filter>Файлы заголовков</Filter>
    </ClInclude>
    <ClInclude Include="src\map_structures\entities\mob_types\cannon_boss_bot.h">
      <Filter>Файлы заголовков</Filter>
    </ClInclude>
    <ClInclude Include="src\map_structures\entities\mob_types\heavy_bot.h">
      <Filter>Файлы заголовков</Filter>
    </ClInclude>
    <ClInclude Include="src\map_structures\entities\mob_types\laser_bot.h">
      <Filter>Файлы заголовков</Filter>
    </ClInclude>
    <ClInclude Include="src\map_structures\entities\mob_types\melee_bot.h">
      <Filter>Файлы заголовков</Filter>
    </ClInclude>
    <ClInclude Include="src\map_structures\entities\mob_types\rocket_boss_bot.h">
      <Filter>Файлы заголовков</Filter>
    </ClInclude>
    <ClInclude Include="src\map_structures\entities\mob_types\rocket_bot.h">
      <Filter>Файлы заголовков</Filter>
    </ClInclude>
    <ClInclude Include="src\map_structures\entities\mob_types\standard_bot.h">
      <Filter>Файлы заголовков</Filter>
    </ClInclude>
    <ClInclude Include="src\map_structures\entities\turret\turret.h">
      <Filter>Файлы заголовков</Filter>
    </ClInclude>
    <ClInclude Include="src\map_structures\entities\turret_types\autocannon_turret.h">
      <Filter>Файлы заголовков</Filter>
    </ClInclude>
    <ClInclude Include="src\map_structures\entities\turret_types\rocket_turret.h">
      <Filter>Файлы заголовков</Filter>
    </ClInclude>
    <ClInclude Include="src\t1_system\events\events_handler.h">
      <Filter>Файлы заголовков</Filter>
    </ClInclude>
    <ClInclude Include="src\t1_system\events\t1_events.h">
      <Filter>Файлы заголовков</Filter>
    </ClInclude>
    <ClInclude Include="src\t1_system\input\input_handler.h">
      <Filter>Файлы заголовков</Filter>
    </ClInclude>
    <ClInclude Include="src\t1_system\input\t1_input.h">
      <Filter>Файлы заголовков</Filter>
    </ClInclude>
    <ClInclude Include="src\t1_system\random\t1_random.h">
      <Filter>Файлы заголовков</Filter>
    </ClInclude>
    <ClInclude Include="src\t1_system\sleep.h">
      <Filter>Файлы заголовков</Filter>
    </ClInclude>
    <ClInclude Include="src\t1_system\t1_mutex.h">
      <Filter>Файлы заголовков</Filter>
    </ClInclude>
    <ClInclude Include="src\map_structures\buildings\building_types\logistics\bridge\bridge.h">
      <Filter>Файлы заголовков</Filter>
    </ClInclude>
    <ClInclude Include="src\map_structures\buildings\building_types\logistics\router\router.h">
      <Filter>Файлы заголовков</Filter>
    </ClInclude>
    <ClInclude Include="src\map_structures\buildings\building_types\logistics\conveyer.h">
      <Filter>Файлы заголовков</Filter>
    </ClInclude>
    <ClInclude Include="src\map_structures\buildings\building_types\logistics\conveyer_types\standard_conveyer.h">
      <Filter>Файлы заголовков</Filter>
    </ClInclude>
    <ClInclude Include="src\map_structures\buildings\building_types\logistics\conveyer_types\shielded_conveyer.h">
      <Filter>Файлы заголовков</Filter>
    </ClInclude>
    <ClInclude Include="src\map_structures\buildings\building_types\logistics\intersection\intersection.h">
      <Filter>Файлы заголовков</Filter>
    </ClInclude>
    <ClInclude Include="src\game_interface\gameplay\gameplay_util\mob_controller.h">
      <Filter>Файлы заголовков</Filter>
    </ClInclude>
    <ClInclude Include="src\map_structures\entities\entity\control.h">
      <Filter>Файлы заголовков</Filter>
    </ClInclude>
    <ClInclude Include="src\map_structures\entities\behavior\comon.h">
      <Filter>Файлы заголовков</Filter>
    </ClInclude>
    <ClInclude Include="src\game_interface\gameplay\ui_elements\settings_window.h">
      <Filter>Файлы заголовков</Filter>
    </ClInclude>
    <ClInclude Include="src\map_structures\blueprints\blueprints_map.h">
      <Filter>Файлы заголовков</Filter>
    </ClInclude>
    <ClInclude Include="src\game_interface\gameplay\gameplay_streams\scripts\survival\spawn_entity.h">
      <Filter>Файлы заголовков</Filter>
    </ClInclude>
    <ClInclude Include="src\map_structures\blueprints\blueprint.h">
      <Filter>Файлы заголовков</Filter>
    </ClInclude>
    <ClInclude Include="src\game_interface\gameplay\gameplay_streams\scripts\survival\new_survival.h">
      <Filter>Файлы заголовков</Filter>
    </ClInclude>
    <ClInclude Include="src\map_structures\entities\mob_types\shuttle.h">
      <Filter>Файлы заголовков</Filter>
    </ClInclude>
    <ClInclude Include="src\game_interface\gameplay\ui_elements\minimap.h">
      <Filter>Файлы заголовков</Filter>
    </ClInclude>
    <ClInclude Include="src\game_interface\settings\settings\gui_settings.h">
      <Filter>Файлы заголовков</Filter>
    </ClInclude>
    <ClInclude Include="src\game_interface\sound_system\sound_enum.h">
      <Filter>Файлы заголовков</Filter>
    </ClInclude>
    <ClInclude Include="src\content\texturepacks.h">
      <Filter>Файлы заголовков</Filter>
    </ClInclude>
  </ItemGroup>
  <ItemGroup>
    <Text Include="src\game_interface\sound_system\sound_on_tile.h" />
  </ItemGroup>
</Project>